
Microsoft Visual Studio Solution File, Format Version 12.00
# Visual Studio 15
VisualStudioVersion = 15.0.26730.3
MinimumVisualStudioVersion = 10.0.40219.1
Project("{9A19103F-16F7-4668-BE54-9A1E7A4F7556}") = "PredictionOfCurrencyNeuralNetworks", "PredictionOfCurrencyNeuralNetworks\PredictionOfCurrencyNeuralNetworks.csproj", "{F9388AAD-2105-4CAD-8FF7-1270BB6061F5}"
EndProject
Project("{FAE04EC0-301F-11D3-BF4B-00C04F79EFBC}") = "Experiment", "Experiment\Experiment.csproj", "{CE1E9F3C-F4F3-4C21-88D9-C094A2C10B89}"
EndProject
Global
	GlobalSection(SolutionConfigurationPlatforms) = preSolution
		Debug|Any CPU = Debug|Any CPU
		Release|Any CPU = Release|Any CPU
	EndGlobalSection
	GlobalSection(ProjectConfigurationPlatforms) = postSolution
		{F9388AAD-2105-4CAD-8FF7-1270BB6061F5}.Debug|Any CPU.ActiveCfg = Debug|Any CPU
		{F9388AAD-2105-4CAD-8FF7-1270BB6061F5}.Debug|Any CPU.Build.0 = Debug|Any CPU
		{F9388AAD-2105-4CAD-8FF7-1270BB6061F5}.Release|Any CPU.ActiveCfg = Release|Any CPU
		{F9388AAD-2105-4CAD-8FF7-1270BB6061F5}.Release|Any CPU.Build.0 = Release|Any CPU
		{CE1E9F3C-F4F3-4C21-88D9-C094A2C10B89}.Debug|Any CPU.ActiveCfg = Debug|Any CPU
		{CE1E9F3C-F4F3-4C21-88D9-C094A2C10B89}.Debug|Any CPU.Build.0 = Debug|Any CPU
		{CE1E9F3C-F4F3-4C21-88D9-C094A2C10B89}.Release|Any CPU.ActiveCfg = Release|Any CPU
		{CE1E9F3C-F4F3-4C21-88D9-C094A2C10B89}.Release|Any CPU.Build.0 = Release|Any CPU
	EndGlobalSection
	GlobalSection(SolutionProperties) = preSolution
		HideSolutionNode = FALSE
	EndGlobalSection
	GlobalSection(ExtensibilityGlobals) = postSolution
		SolutionGuid = {B3812F18-A04B-41D2-ACC6-72231A241DE6}
	EndGlobalSection
EndGlobal
